
Microsoft Visual Studio Solution File, Format Version 12.00
Project("{FAE04EC0-301F-11D3-BF4B-00C04F79EFBC}") = "KawaiiAPI_Request_Example", "KawaiiAPI_Request_Example\KawaiiAPI_Request_Example.csproj", "{96B6F48A-E417-40F7-9CD5-D320BCFF4822}"
EndProject
Global
	GlobalSection(SolutionConfigurationPlatforms) = preSolution
		Debug|Any CPU = Debug|Any CPU
		Release|Any CPU = Release|Any CPU
	EndGlobalSection
	GlobalSection(ProjectConfigurationPlatforms) = postSolution
		{96B6F48A-E417-40F7-9CD5-D320BCFF4822}.Debug|Any CPU.ActiveCfg = Debug|Any CPU
		{96B6F48A-E417-40F7-9CD5-D320BCFF4822}.Debug|Any CPU.Build.0 = Debug|Any CPU
		{96B6F48A-E417-40F7-9CD5-D320BCFF4822}.Release|Any CPU.ActiveCfg = Release|Any CPU
		{96B6F48A-E417-40F7-9CD5-D320BCFF4822}.Release|Any CPU.Build.0 = Release|Any CPU
	EndGlobalSection
EndGlobal
